// !$*UTF8*$!
{
	archiveVersion = 1;
	classes = {
	};
	objectVersion = 56;
	objects = {

/* Begin PBXBuildFile section */
		350398F02C1B48A500B8BD77 /* Assignment1App.swift in Sources */ = {isa = PBXBuildFile; fileRef = 350398EF2C1B48A500B8BD77 /* Assignment1App.swift */; };
		350398F22C1B48A500B8BD77 /* LogInScreen.swift in Sources */ = {isa = PBXBuildFile; fileRef = 350398F12C1B48A500B8BD77 /* LogInScreen.swift */; };
		350398F42C1B48A600B8BD77 /* Assets.xcassets in Resources */ = {isa = PBXBuildFile; fileRef = 350398F32C1B48A600B8BD77 /* Assets.xcassets */; };
		350398F72C1B48A600B8BD77 /* Preview Assets.xcassets in Resources */ = {isa = PBXBuildFile; fileRef = 350398F62C1B48A600B8BD77 /* Preview Assets.xcassets */; };
		350399002C1B592900B8BD77 /* BlurView.swift in Sources */ = {isa = PBXBuildFile; fileRef = 350398FF2C1B592900B8BD77 /* BlurView.swift */; };
		350399032C1C192100B8BD77 /* InputField.swift in Sources */ = {isa = PBXBuildFile; fileRef = 350399022C1C192100B8BD77 /* InputField.swift */; };
		350399052C1C321700B8BD77 /* LoginView.swift in Sources */ = {isa = PBXBuildFile; fileRef = 350399042C1C321700B8BD77 /* LoginView.swift */; };
		350399072C1C383900B8BD77 /* CTAView.swift in Sources */ = {isa = PBXBuildFile; fileRef = 350399062C1C383900B8BD77 /* CTAView.swift */; };
		350399092C1C3C5C00B8BD77 /* SecureInputField.swift in Sources */ = {isa = PBXBuildFile; fileRef = 350399082C1C3C5C00B8BD77 /* SecureInputField.swift */; };
		3503990E2C1C3DC900B8BD77 /* DashboardScreen.swift in Sources */ = {isa = PBXBuildFile; fileRef = 3503990D2C1C3DC900B8BD77 /* DashboardScreen.swift */; };
		350399112C1C3F9200B8BD77 /* Player.swift in Sources */ = {isa = PBXBuildFile; fileRef = 350399102C1C3F9200B8BD77 /* Player.swift */; };
		350399132C1C400500B8BD77 /* Country.swift in Sources */ = {isa = PBXBuildFile; fileRef = 350399122C1C400500B8BD77 /* Country.swift */; };
		350399162C1C43A000B8BD77 /* India.json in Resources */ = {isa = PBXBuildFile; fileRef = 350399152C1C43A000B8BD77 /* India.json */; };
		350399182C1C43BD00B8BD77 /* Australia.json in Resources */ = {isa = PBXBuildFile; fileRef = 350399172C1C43BD00B8BD77 /* Australia.json */; };
		3503991A2C1C43DF00B8BD77 /* England.json in Resources */ = {isa = PBXBuildFile; fileRef = 350399192C1C43DF00B8BD77 /* England.json */; };
		3503991C2C1C6DD600B8BD77 /* PlayerCardView.swift in Sources */ = {isa = PBXBuildFile; fileRef = 3503991B2C1C6DD600B8BD77 /* PlayerCardView.swift */; };
		3503991E2C1C6E5100B8BD77 /* PlayerInfoScreen.swift in Sources */ = {isa = PBXBuildFile; fileRef = 3503991D2C1C6E5100B8BD77 /* PlayerInfoScreen.swift */; };
		350399202C1C817500B8BD77 /* PlayerFrontCardView.swift in Sources */ = {isa = PBXBuildFile; fileRef = 3503991F2C1C817500B8BD77 /* PlayerFrontCardView.swift */; };
		350399222C1C821C00B8BD77 /* PlayerCardBackView.swift in Sources */ = {isa = PBXBuildFile; fileRef = 350399212C1C821C00B8BD77 /* PlayerCardBackView.swift */; };
		350399242C1D907300B8BD77 /* ImageView.swift in Sources */ = {isa = PBXBuildFile; fileRef = 350399232C1D907300B8BD77 /* ImageView.swift */; };
		350399262C296B9D00B8BD77 /* AddNewPlayerScreen.swift in Sources */ = {isa = PBXBuildFile; fileRef = 350399252C296B9D00B8BD77 /* AddNewPlayerScreen.swift */; };
		350399282C2979EF00B8BD77 /* UserInputField.swift in Sources */ = {isa = PBXBuildFile; fileRef = 350399272C2979EF00B8BD77 /* UserInputField.swift */; };
		3503992A2C2981D900B8BD77 /* UserInputTextView.swift in Sources */ = {isa = PBXBuildFile; fileRef = 350399292C2981D900B8BD77 /* UserInputTextView.swift */; };
		3503992C2C29968700B8BD77 /* EditPlayerInfoScreen.swift in Sources */ = {isa = PBXBuildFile; fileRef = 3503992B2C29968700B8BD77 /* EditPlayerInfoScreen.swift */; };
/* End PBXBuildFile section */

/* Begin PBXFileReference section */
		350398EC2C1B48A500B8BD77 /* Assignment1.app */ = {isa = PBXFileReference; explicitFileType = wrapper.application; includeInIndex = 0; path = Assignment1.app; sourceTree = BUILT_PRODUCTS_DIR; };
		350398EF2C1B48A500B8BD77 /* Assignment1App.swift */ = {isa = PBXFileReference; lastKnownFileType = sourcecode.swift; path = Assignment1App.swift; sourceTree = "<group>"; };
		350398F12C1B48A500B8BD77 /* LogInScreen.swift */ = {isa = PBXFileReference; lastKnownFileType = sourcecode.swift; path = LogInScreen.swift; sourceTree = "<group>"; };
		350398F32C1B48A600B8BD77 /* Assets.xcassets */ = {isa = PBXFileReference; lastKnownFileType = folder.assetcatalog; path = Assets.xcassets; sourceTree = "<group>"; };
		350398F62C1B48A600B8BD77 /* Preview Assets.xcassets */ = {isa = PBXFileReference; lastKnownFileType = folder.assetcatalog; path = "Preview Assets.xcassets"; sourceTree = "<group>"; };
		350398FF2C1B592900B8BD77 /* BlurView.swift */ = {isa = PBXFileReference; lastKnownFileType = sourcecode.swift; path = BlurView.swift; sourceTree = "<group>"; };
		350399022C1C192100B8BD77 /* InputField.swift */ = {isa = PBXFileReference; lastKnownFileType = sourcecode.swift; path = InputField.swift; sourceTree = "<group>"; };
		350399042C1C321700B8BD77 /* LoginView.swift */ = {isa = PBXFileReference; lastKnownFileType = sourcecode.swift; path = LoginView.swift; sourceTree = "<group>"; };
		350399062C1C383900B8BD77 /* CTAView.swift */ = {isa = PBXFileReference; lastKnownFileType = sourcecode.swift; path = CTAView.swift; sourceTree = "<group>"; };
		350399082C1C3C5C00B8BD77 /* SecureInputField.swift */ = {isa = PBXFileReference; lastKnownFileType = sourcecode.swift; path = SecureInputField.swift; sourceTree = "<group>"; };
		3503990D2C1C3DC900B8BD77 /* DashboardScreen.swift */ = {isa = PBXFileReference; lastKnownFileType = sourcecode.swift; path = DashboardScreen.swift; sourceTree = "<group>"; };
		350399102C1C3F9200B8BD77 /* Player.swift */ = {isa = PBXFileReference; lastKnownFileType = sourcecode.swift; path = Player.swift; sourceTree = "<group>"; };
		350399122C1C400500B8BD77 /* Country.swift */ = {isa = PBXFileReference; lastKnownFileType = sourcecode.swift; path = Country.swift; sourceTree = "<group>"; };
		350399152C1C43A000B8BD77 /* India.json */ = {isa = PBXFileReference; lastKnownFileType = text.json; path = India.json; sourceTree = "<group>"; };
		350399172C1C43BD00B8BD77 /* Australia.json */ = {isa = PBXFileReference; lastKnownFileType = text.json; path = Australia.json; sourceTree = "<group>"; };
		350399192C1C43DF00B8BD77 /* England.json */ = {isa = PBXFileReference; lastKnownFileType = text.json; path = England.json; sourceTree = "<group>"; };
		3503991B2C1C6DD600B8BD77 /* PlayerCardView.swift */ = {isa = PBXFileReference; lastKnownFileType = sourcecode.swift; path = PlayerCardView.swift; sourceTree = "<group>"; };
		3503991D2C1C6E5100B8BD77 /* PlayerInfoScreen.swift */ = {isa = PBXFileReference; lastKnownFileType = sourcecode.swift; path = PlayerInfoScreen.swift; sourceTree = "<group>"; };
		3503991F2C1C817500B8BD77 /* PlayerFrontCardView.swift */ = {isa = PBXFileReference; lastKnownFileType = sourcecode.swift; path = PlayerFrontCardView.swift; sourceTree = "<group>"; };
		350399212C1C821C00B8BD77 /* PlayerCardBackView.swift */ = {isa = PBXFileReference; lastKnownFileType = sourcecode.swift; path = PlayerCardBackView.swift; sourceTree = "<group>"; };
		350399232C1D907300B8BD77 /* ImageView.swift */ = {isa = PBXFileReference; lastKnownFileType = sourcecode.swift; path = ImageView.swift; sourceTree = "<group>"; };
		350399252C296B9D00B8BD77 /* AddNewPlayerScreen.swift */ = {isa = PBXFileReference; lastKnownFileType = sourcecode.swift; path = AddNewPlayerScreen.swift; sourceTree = "<group>"; };
		350399272C2979EF00B8BD77 /* UserInputField.swift */ = {isa = PBXFileReference; lastKnownFileType = sourcecode.swift; path = UserInputField.swift; sourceTree = "<group>"; };
		350399292C2981D900B8BD77 /* UserInputTextView.swift */ = {isa = PBXFileReference; lastKnownFileType = sourcecode.swift; path = UserInputTextView.swift; sourceTree = "<group>"; };
		3503992B2C29968700B8BD77 /* EditPlayerInfoScreen.swift */ = {isa = PBXFileReference; lastKnownFileType = sourcecode.swift; path = EditPlayerInfoScreen.swift; sourceTree = "<group>"; };
/* End PBXFileReference section */

/* Begin PBXFrameworksBuildPhase section */
		350398E92C1B48A500B8BD77 /* Frameworks */ = {
			isa = PBXFrameworksBuildPhase;
			buildActionMask = 2147483647;
			files = (
			);
			runOnlyForDeploymentPostprocessing = 0;
		};
/* End PBXFrameworksBuildPhase section */

/* Begin PBXGroup section */
		350398E32C1B48A500B8BD77 = {
			isa = PBXGroup;
			children = (
				350398EE2C1B48A500B8BD77 /* Assignment1 */,
				350398ED2C1B48A500B8BD77 /* Products */,
			);
			sourceTree = "<group>";
		};
		350398ED2C1B48A500B8BD77 /* Products */ = {
			isa = PBXGroup;
			children = (
				350398EC2C1B48A500B8BD77 /* Assignment1.app */,
			);
			name = Products;
			sourceTree = "<group>";
		};
		350398EE2C1B48A500B8BD77 /* Assignment1 */ = {
			isa = PBXGroup;
			children = (
				350399142C1C437200B8BD77 /* Resource */,
				3503990F2C1C3DD000B8BD77 /* Screen */,
				3503990A2C1C3D2600B8BD77 /* Model */,
				350399012C1C164900B8BD77 /* View */,
				350398EF2C1B48A500B8BD77 /* Assignment1App.swift */,
				350398F32C1B48A600B8BD77 /* Assets.xcassets */,
				350398F52C1B48A600B8BD77 /* Preview Content */,
			);
			path = Assignment1;
			sourceTree = "<group>";
		};
		350398F52C1B48A600B8BD77 /* Preview Content */ = {
			isa = PBXGroup;
			children = (
				350398F62C1B48A600B8BD77 /* Preview Assets.xcassets */,
			);
			path = "Preview Content";
			sourceTree = "<group>";
		};
		350399012C1C164900B8BD77 /* View */ = {
			isa = PBXGroup;
			children = (
				350398FF2C1B592900B8BD77 /* BlurView.swift */,
				350399022C1C192100B8BD77 /* InputField.swift */,
				350399042C1C321700B8BD77 /* LoginView.swift */,
				350399062C1C383900B8BD77 /* CTAView.swift */,
				350399082C1C3C5C00B8BD77 /* SecureInputField.swift */,
				3503991B2C1C6DD600B8BD77 /* PlayerCardView.swift */,
				3503991F2C1C817500B8BD77 /* PlayerFrontCardView.swift */,
				350399212C1C821C00B8BD77 /* PlayerCardBackView.swift */,
				350399232C1D907300B8BD77 /* ImageView.swift */,
				350399272C2979EF00B8BD77 /* UserInputField.swift */,
				350399292C2981D900B8BD77 /* UserInputTextView.swift */,
			);
			path = View;
			sourceTree = "<group>";
		};
		3503990A2C1C3D2600B8BD77 /* Model */ = {
			isa = PBXGroup;
			children = (
				350399102C1C3F9200B8BD77 /* Player.swift */,
				350399122C1C400500B8BD77 /* Country.swift */,
			);
			path = Model;
			sourceTree = "<group>";
		};
		3503990F2C1C3DD000B8BD77 /* Screen */ = {
			isa = PBXGroup;
			children = (
				3503990D2C1C3DC900B8BD77 /* DashboardScreen.swift */,
				350398F12C1B48A500B8BD77 /* LogInScreen.swift */,
				3503991D2C1C6E5100B8BD77 /* PlayerInfoScreen.swift */,
				350399252C296B9D00B8BD77 /* AddNewPlayerScreen.swift */,
				3503992B2C29968700B8BD77 /* EditPlayerInfoScreen.swift */,
			);
			path = Screen;
			sourceTree = "<group>";
		};
		350399142C1C437200B8BD77 /* Resource */ = {
			isa = PBXGroup;
			children = (
				350399152C1C43A000B8BD77 /* India.json */,
				350399172C1C43BD00B8BD77 /* Australia.json */,
				350399192C1C43DF00B8BD77 /* England.json */,
			);
			path = Resource;
			sourceTree = "<group>";
		};
/* End PBXGroup section */

/* Begin PBXNativeTarget section */
		350398EB2C1B48A500B8BD77 /* Assignment1 */ = {
			isa = PBXNativeTarget;
			buildConfigurationList = 350398FA2C1B48A600B8BD77 /* Build configuration list for PBXNativeTarget "Assignment1" */;
			buildPhases = (
				350398E82C1B48A500B8BD77 /* Sources */,
				350398E92C1B48A500B8BD77 /* Frameworks */,
				350398EA2C1B48A500B8BD77 /* Resources */,
			);
			buildRules = (
			);
			dependencies = (
			);
			name = Assignment1;
			productName = Assignment1;
			productReference = 350398EC2C1B48A500B8BD77 /* Assignment1.app */;
			productType = "com.apple.product-type.application";
		};
/* End PBXNativeTarget section */

/* Begin PBXProject section */
		350398E42C1B48A500B8BD77 /* Project object */ = {
			isa = PBXProject;
			attributes = {
				BuildIndependentTargetsInParallel = 1;
				LastSwiftUpdateCheck = 1530;
				LastUpgradeCheck = 1530;
				TargetAttributes = {
					350398EB2C1B48A500B8BD77 = {
						CreatedOnToolsVersion = 15.3;
					};
				};
			};
			buildConfigurationList = 350398E72C1B48A500B8BD77 /* Build configuration list for PBXProject "Assignment1" */;
			compatibilityVersion = "Xcode 14.0";
			developmentRegion = en;
			hasScannedForEncodings = 0;
			knownRegions = (
				en,
				Base,
			);
			mainGroup = 350398E32C1B48A500B8BD77;
			productRefGroup = 350398ED2C1B48A500B8BD77 /* Products */;
			projectDirPath = "";
			projectRoot = "";
			targets = (
				350398EB2C1B48A500B8BD77 /* Assignment1 */,
			);
		};
/* End PBXProject section */

/* Begin PBXResourcesBuildPhase section */
		350398EA2C1B48A500B8BD77 /* Resources */ = {
			isa = PBXResourcesBuildPhase;
			buildActionMask = 2147483647;
			files = (
				350399162C1C43A000B8BD77 /* India.json in Resources */,
				350398F72C1B48A600B8BD77 /* Preview Assets.xcassets in Resources */,
				350399182C1C43BD00B8BD77 /* Australia.json in Resources */,
				350398F42C1B48A600B8BD77 /* Assets.xcassets in Resources */,
				3503991A2C1C43DF00B8BD77 /* England.json in Resources */,
			);
			runOnlyForDeploymentPostprocessing = 0;
		};
/* End PBXResourcesBuildPhase section */

/* Begin PBXSourcesBuildPhase section */
		350398E82C1B48A500B8BD77 /* Sources */ = {
			isa = PBXSourcesBuildPhase;
			buildActionMask = 2147483647;
			files = (
				350399242C1D907300B8BD77 /* ImageView.swift in Sources */,
				350398F22C1B48A500B8BD77 /* LogInScreen.swift in Sources */,
				350398F02C1B48A500B8BD77 /* Assignment1App.swift in Sources */,
				3503992A2C2981D900B8BD77 /* UserInputTextView.swift in Sources */,
				350399282C2979EF00B8BD77 /* UserInputField.swift in Sources */,
				350399262C296B9D00B8BD77 /* AddNewPlayerScreen.swift in Sources */,
				3503992C2C29968700B8BD77 /* EditPlayerInfoScreen.swift in Sources */,
				350399092C1C3C5C00B8BD77 /* SecureInputField.swift in Sources */,
				3503991C2C1C6DD600B8BD77 /* PlayerCardView.swift in Sources */,
				350399002C1B592900B8BD77 /* BlurView.swift in Sources */,
				350399052C1C321700B8BD77 /* LoginView.swift in Sources */,
				350399032C1C192100B8BD77 /* InputField.swift in Sources */,
				350399072C1C383900B8BD77 /* CTAView.swift in Sources */,
				350399112C1C3F9200B8BD77 /* Player.swift in Sources */,
				350399132C1C400500B8BD77 /* Country.swift in Sources */,
				350399202C1C817500B8BD77 /* PlayerFrontCardView.swift in Sources */,
				3503991E2C1C6E5100B8BD77 /* PlayerInfoScreen.swift in Sources */,
				350399222C1C821C00B8BD77 /* PlayerCardBackView.swift in Sources */,
				3503990E2C1C3DC900B8BD77 /* DashboardScreen.swift in Sources */,
			);
			runOnlyForDeploymentPostprocessing = 0;
		};
/* End PBXSourcesBuildPhase section */

/* Begin XCBuildConfiguration section */
		350398F82C1B48A600B8BD77 /* Debug */ = {
			isa = XCBuildConfiguration;
			buildSettings = {
				ALWAYS_SEARCH_USER_PATHS = NO;
				ASSETCATALOG_COMPILER_GENERATE_SWIFT_ASSET_SYMBOL_EXTENSIONS = YES;
				CLANG_ANALYZER_NONNULL = YES;
				CLANG_ANALYZER_NUMBER_OBJECT_CONVERSION = YES_AGGRESSIVE;
				CLANG_CXX_LANGUAGE_STANDARD = "gnu++20";
				CLANG_ENABLE_MODULES = YES;
				CLANG_ENABLE_OBJC_ARC = YES;
				CLANG_ENABLE_OBJC_WEAK = YES;
				CLANG_WARN_BLOCK_CAPTURE_AUTORELEASING = YES;
				CLANG_WARN_BOOL_CONVERSION = YES;
				CLANG_WARN_COMMA = YES;
				CLANG_WARN_CONSTANT_CONVERSION = YES;
				CLANG_WARN_DEPRECATED_OBJC_IMPLEMENTATIONS = YES;
				CLANG_WARN_DIRECT_OBJC_ISA_USAGE = YES_ERROR;
				CLANG_WARN_DOCUMENTATION_COMMENTS = YES;
				CLANG_WARN_EMPTY_BODY = YES;
				CLANG_WARN_ENUM_CONVERSION = YES;
				CLANG_WARN_INFINITE_RECURSION = YES;
				CLANG_WARN_INT_CONVERSION = YES;
				CLANG_WARN_NON_LITERAL_NULL_CONVERSION = YES;
				CLANG_WARN_OBJC_IMPLICIT_RETAIN_SELF = YES;
				CLANG_WARN_OBJC_LITERAL_CONVERSION = YES;
				CLANG_WARN_OBJC_ROOT_CLASS = YES_ERROR;
				CLANG_WARN_QUOTED_INCLUDE_IN_FRAMEWORK_HEADER = YES;
				CLANG_WARN_RANGE_LOOP_ANALYSIS = YES;
				CLANG_WARN_STRICT_PROTOTYPES = YES;
				CLANG_WARN_SUSPICIOUS_MOVE = YES;
				CLANG_WARN_UNGUARDED_AVAILABILITY = YES_AGGRESSIVE;
				CLANG_WARN_UNREACHABLE_CODE = YES;
				CLANG_WARN__DUPLICATE_METHOD_MATCH = YES;
				COPY_PHASE_STRIP = NO;
				DEBUG_INFORMATION_FORMAT = dwarf;
				ENABLE_STRICT_OBJC_MSGSEND = YES;
				ENABLE_TESTABILITY = YES;
				ENABLE_USER_SCRIPT_SANDBOXING = YES;
				GCC_C_LANGUAGE_STANDARD = gnu17;
				GCC_DYNAMIC_NO_PIC = NO;
				GCC_NO_COMMON_BLOCKS = YES;
				GCC_OPTIMIZATION_LEVEL = 0;
				GCC_PREPROCESSOR_DEFINITIONS = (
					"DEBUG=1",
					"$(inherited)",
				);
				GCC_WARN_64_TO_32_BIT_CONVERSION = YES;
				GCC_WARN_ABOUT_RETURN_TYPE = YES_ERROR;
				GCC_WARN_UNDECLARED_SELECTOR = YES;
				GCC_WARN_UNINITIALIZED_AUTOS = YES_AGGRESSIVE;
				GCC_WARN_UNUSED_FUNCTION = YES;
				GCC_WARN_UNUSED_VARIABLE = YES;
				IPHONEOS_DEPLOYMENT_TARGET = 16.0;
				LOCALIZATION_PREFERS_STRING_CATALOGS = YES;
				MTL_ENABLE_DEBUG_INFO = INCLUDE_SOURCE;
				MTL_FAST_MATH = YES;
				ONLY_ACTIVE_ARCH = YES;
				SDKROOT = iphoneos;
				SWIFT_ACTIVE_COMPILATION_CONDITIONS = "DEBUG $(inherited)";
				SWIFT_OPTIMIZATION_LEVEL = "-Onone";
			};
			name = Debug;
		};
		350398F92C1B48A600B8BD77 /* Release */ = {
			isa = XCBuildConfiguration;
			buildSettings = {
				ALWAYS_SEARCH_USER_PATHS = NO;
				ASSETCATALOG_COMPILER_GENERATE_SWIFT_ASSET_SYMBOL_EXTENSIONS = YES;
				CLANG_ANALYZER_NONNULL = YES;
				CLANG_ANALYZER_NUMBER_OBJECT_CONVERSION = YES_AGGRESSIVE;
				CLANG_CXX_LANGUAGE_STANDARD = "gnu++20";
				CLANG_ENABLE_MODULES = YES;
				CLANG_ENABLE_OBJC_ARC = YES;
				CLANG_ENABLE_OBJC_WEAK = YES;
				CLANG_WARN_BLOCK_CAPTURE_AUTORELEASING = YES;
				CLANG_WARN_BOOL_CONVERSION = YES;
				CLANG_WARN_COMMA = YES;
				CLANG_WARN_CONSTANT_CONVERSION = YES;
				CLANG_WARN_DEPRECATED_OBJC_IMPLEMENTATIONS = YES;
				CLANG_WARN_DIRECT_OBJC_ISA_USAGE = YES_ERROR;
				CLANG_WARN_DOCUMENTATION_COMMENTS = YES;
				CLANG_WARN_EMPTY_BODY = YES;
				CLANG_WARN_ENUM_CONVERSION = YES;
				CLANG_WARN_INFINITE_RECURSION = YES;
				CLANG_WARN_INT_CONVERSION = YES;
				CLANG_WARN_NON_LITERAL_NULL_CONVERSION = YES;
				CLANG_WARN_OBJC_IMPLICIT_RETAIN_SELF = YES;
				CLANG_WARN_OBJC_LITERAL_CONVERSION = YES;
				CLANG_WARN_OBJC_ROOT_CLASS = YES_ERROR;
				CLANG_WARN_QUOTED_INCLUDE_IN_FRAMEWORK_HEADER = YES;
				CLANG_WARN_RANGE_LOOP_ANALYSIS = YES;
				CLANG_WARN_STRICT_PROTOTYPES = YES;
				CLANG_WARN_SUSPICIOUS_MOVE = YES;
				CLANG_WARN_UNGUARDED_AVAILABILITY = YES_AGGRESSIVE;
				CLANG_WARN_UNREACHABLE_CODE = YES;
				CLANG_WARN__DUPLICATE_METHOD_MATCH = YES;
				COPY_PHASE_STRIP = NO;
				DEBUG_INFORMATION_FORMAT = "dwarf-with-dsym";
				ENABLE_NS_ASSERTIONS = NO;
				ENABLE_STRICT_OBJC_MSGSEND = YES;
				ENABLE_USER_SCRIPT_SANDBOXING = YES;
				GCC_C_LANGUAGE_STANDARD = gnu17;
				GCC_NO_COMMON_BLOCKS = YES;
				GCC_WARN_64_TO_32_BIT_CONVERSION = YES;
				GCC_WARN_ABOUT_RETURN_TYPE = YES_ERROR;
				GCC_WARN_UNDECLARED_SELECTOR = YES;
				GCC_WARN_UNINITIALIZED_AUTOS = YES_AGGRESSIVE;
				GCC_WARN_UNUSED_FUNCTION = YES;
				GCC_WARN_UNUSED_VARIABLE = YES;
				IPHONEOS_DEPLOYMENT_TARGET = 16.0;
				LOCALIZATION_PREFERS_STRING_CATALOGS = YES;
				MTL_ENABLE_DEBUG_INFO = NO;
				MTL_FAST_MATH = YES;
				SDKROOT = iphoneos;
				SWIFT_COMPILATION_MODE = wholemodule;
				VALIDATE_PRODUCT = YES;
			};
			name = Release;
		};
		350398FB2C1B48A600B8BD77 /* Debug */ = {
			isa = XCBuildConfiguration;
			buildSettings = {
				ASSETCATALOG_COMPILER_APPICON_NAME = AppIcon;
				ASSETCATALOG_COMPILER_GLOBAL_ACCENT_COLOR_NAME = AccentColor;
				CODE_SIGN_STYLE = Automatic;
				CURRENT_PROJECT_VERSION = 1;
				DEVELOPMENT_ASSET_PATHS = "\"Assignment1/Preview Content\"";
				DEVELOPMENT_TEAM = F5N789RXST;
				ENABLE_PREVIEWS = YES;
				GENERATE_INFOPLIST_FILE = YES;
				INFOPLIST_KEY_UIApplicationSceneManifest_Generation = YES;
				INFOPLIST_KEY_UIApplicationSupportsIndirectInputEvents = YES;
				INFOPLIST_KEY_UILaunchScreen_Generation = YES;
				INFOPLIST_KEY_UISupportedInterfaceOrientations_iPad = "UIInterfaceOrientationPortrait UIInterfaceOrientationPortraitUpsideDown UIInterfaceOrientationLandscapeLeft UIInterfaceOrientationLandscapeRight";
				INFOPLIST_KEY_UISupportedInterfaceOrientations_iPhone = "UIInterfaceOrientationPortrait UIInterfaceOrientationLandscapeLeft UIInterfaceOrientationLandscapeRight";
				IPHONEOS_DEPLOYMENT_TARGET = 16.0;
				LD_RUNPATH_SEARCH_PATHS = (
					"$(inherited)",
					"@executable_path/Frameworks",
				);
				MARKETING_VERSION = 1.0;
				PRODUCT_BUNDLE_IDENTIFIER = com.ballys.Assignment1;
				PRODUCT_NAME = "$(TARGET_NAME)";
				SWIFT_EMIT_LOC_STRINGS = YES;
				SWIFT_VERSION = 5.0;
				TARGETED_DEVICE_FAMILY = "1,2";
			};
			name = Debug;
		};
		350398FC2C1B48A600B8BD77 /* Release */ = {
			isa = XCBuildConfiguration;
			buildSettings = {
				ASSETCATALOG_COMPILER_APPICON_NAME = AppIcon;
				ASSETCATALOG_COMPILER_GLOBAL_ACCENT_COLOR_NAME = AccentColor;
				CODE_SIGN_STYLE = Automatic;
				CURRENT_PROJECT_VERSION = 1;
				DEVELOPMENT_ASSET_PATHS = "\"Assignment1/Preview Content\"";
				DEVELOPMENT_TEAM = F5N789RXST;
				ENABLE_PREVIEWS = YES;
				GENERATE_INFOPLIST_FILE = YES;
				INFOPLIST_KEY_UIApplicationSceneManifest_Generation = YES;
				INFOPLIST_KEY_UIApplicationSupportsIndirectInputEvents = YES;
				INFOPLIST_KEY_UILaunchScreen_Generation = YES;
				INFOPLIST_KEY_UISupportedInterfaceOrientations_iPad = "UIInterfaceOrientationPortrait UIInterfaceOrientationPortraitUpsideDown UIInterfaceOrientationLandscapeLeft UIInterfaceOrientationLandscapeRight";
				INFOPLIST_KEY_UISupportedInterfaceOrientations_iPhone = "UIInterfaceOrientationPortrait UIInterfaceOrientationLandscapeLeft UIInterfaceOrientationLandscapeRight";
				IPHONEOS_DEPLOYMENT_TARGET = 16.0;
				LD_RUNPATH_SEARCH_PATHS = (
					"$(inherited)",
					"@executable_path/Frameworks",
				);
				MARKETING_VERSION = 1.0;
				PRODUCT_BUNDLE_IDENTIFIER = com.ballys.Assignment1;
				PRODUCT_NAME = "$(TARGET_NAME)";
				SWIFT_EMIT_LOC_STRINGS = YES;
				SWIFT_VERSION = 5.0;
				TARGETED_DEVICE_FAMILY = "1,2";
			};
			name = Release;
		};
/* End XCBuildConfiguration section */

/* Begin XCConfigurationList section */
		350398E72C1B48A500B8BD77 /* Build configuration list for PBXProject "Assignment1" */ = {
			isa = XCConfigurationList;
			buildConfigurations = (
				350398F82C1B48A600B8BD77 /* Debug */,
				350398F92C1B48A600B8BD77 /* Release */,
			);
			defaultConfigurationIsVisible = 0;
			defaultConfigurationName = Release;
		};
		350398FA2C1B48A600B8BD77 /* Build configuration list for PBXNativeTarget "Assignment1" */ = {
			isa = XCConfigurationList;
			buildConfigurations = (
				350398FB2C1B48A600B8BD77 /* Debug */,
				350398FC2C1B48A600B8BD77 /* Release */,
			);
			defaultConfigurationIsVisible = 0;
			defaultConfigurationName = Release;
		};
/* End XCConfigurationList section */
	};
	rootObject = 350398E42C1B48A500B8BD77 /* Project object */;
}
